
Microsoft Visual Studio Solution File, Format Version 12.00
# Visual Studio Version 17
VisualStudioVersion = 17.3.32922.545
MinimumVisualStudioVersion = 10.0.40219.1
Project("{9A19103F-16F7-4668-BE54-9A1E7A4F7556}") = "CarsAPI", "CarsAPI\CarsAPI.csproj", "{BDDF480E-5014-453D-A9EB-FDBD886959AB}"
EndProject
Project("{FAE04EC0-301F-11D3-BF4B-00C04F79EFBC}") = "CarWeb", "CarWeb\CarWeb.csproj", "{9B61227A-9F2E-4644-B9CA-E5666ABC6C33}"
EndProject
Global
	GlobalSection(SolutionConfigurationPlatforms) = preSolution
		Debug|Any CPU = Debug|Any CPU
		Release|Any CPU = Release|Any CPU
	EndGlobalSection
	GlobalSection(ProjectConfigurationPlatforms) = postSolution
		{BDDF480E-5014-453D-A9EB-FDBD886959AB}.Debug|Any CPU.ActiveCfg = Debug|Any CPU
		{BDDF480E-5014-453D-A9EB-FDBD886959AB}.Debug|Any CPU.Build.0 = Debug|Any CPU
		{BDDF480E-5014-453D-A9EB-FDBD886959AB}.Release|Any CPU.ActiveCfg = Release|Any CPU
		{BDDF480E-5014-453D-A9EB-FDBD886959AB}.Release|Any CPU.Build.0 = Release|Any CPU
		{9B61227A-9F2E-4644-B9CA-E5666ABC6C33}.Debug|Any CPU.ActiveCfg = Debug|Any CPU
		{9B61227A-9F2E-4644-B9CA-E5666ABC6C33}.Debug|Any CPU.Build.0 = Debug|Any CPU
		{9B61227A-9F2E-4644-B9CA-E5666ABC6C33}.Release|Any CPU.ActiveCfg = Release|Any CPU
		{9B61227A-9F2E-4644-B9CA-E5666ABC6C33}.Release|Any CPU.Build.0 = Release|Any CPU
	EndGlobalSection
	GlobalSection(SolutionProperties) = preSolution
		HideSolutionNode = FALSE
	EndGlobalSection
	GlobalSection(ExtensibilityGlobals) = postSolution
		SolutionGuid = {DC38B94F-8975-49BA-9400-1A0A981646E1}
	EndGlobalSection
EndGlobal
